// !$*UTF8*$!
{
	archiveVersion = 1;
	classes = {
	};
	objectVersion = 46;
	objects = {

/* Begin PBXBuildFile section */
		3A0E8C2C1A94579B008BFB2B /* OMGHTTPURLRQ.framework in Frameworks */ = {isa = PBXBuildFile; fileRef = 3A0E8C291A9456A9008BFB2B /* OMGHTTPURLRQ.framework */; };
		3A0E8C2D1A94579B008BFB2B /* OMGHTTPURLRQ.framework in Embed Frameworks */ = {isa = PBXBuildFile; fileRef = 3A0E8C291A9456A9008BFB2B /* OMGHTTPURLRQ.framework */; settings = {ATTRIBUTES = (CodeSignOnCopy, RemoveHeadersOnCopy, ); }; };
		3A0E8C311A9457AA008BFB2B /* PromiseKit.framework in Frameworks */ = {isa = PBXBuildFile; fileRef = 3A0E8C1E1A945648008BFB2B /* PromiseKit.framework */; };
		3A0E8C321A9457AA008BFB2B /* PromiseKit.framework in Embed Frameworks */ = {isa = PBXBuildFile; fileRef = 3A0E8C1E1A945648008BFB2B /* PromiseKit.framework */; settings = {ATTRIBUTES = (CodeSignOnCopy, RemoveHeadersOnCopy, ); }; };
		3A69BE771A9AE9C70086C9B9 /* ApplicationAssembly.swift in Sources */ = {isa = PBXBuildFile; fileRef = 3A69BE761A9AE9C70086C9B9 /* ApplicationAssembly.swift */; };
		3A69BE791A9AEA3A0086C9B9 /* Configuration.plist in Resources */ = {isa = PBXBuildFile; fileRef = 3A69BE781A9AEA3A0086C9B9 /* Configuration.plist */; };
		3A69BE7B1A9AF1090086C9B9 /* CoreComponents.swift in Sources */ = {isa = PBXBuildFile; fileRef = 3A69BE7A1A9AF1090086C9B9 /* CoreComponents.swift */; };
		3A69BE971A9AFA580086C9B9 /* Typhoon-iOS.app in Resources */ = {isa = PBXBuildFile; fileRef = 3A69BE881A9AFA0E0086C9B9 /* Typhoon-iOS.app */; };
		3A69BE9A1A9AFA580086C9B9 /* Typhoon.framework in Frameworks */ = {isa = PBXBuildFile; fileRef = 3A69BE901A9AFA0E0086C9B9 /* Typhoon.framework */; };
		3A69BE9B1A9AFA580086C9B9 /* Typhoon.framework in Embed Frameworks */ = {isa = PBXBuildFile; fileRef = 3A69BE901A9AFA0E0086C9B9 /* Typhoon.framework */; settings = {ATTRIBUTES = (CodeSignOnCopy, RemoveHeadersOnCopy, ); }; };
		DC48B6EF1A709B3100C4DB89 /* AppDelegate.swift in Sources */ = {isa = PBXBuildFile; fileRef = DC48B6EE1A709B3100C4DB89 /* AppDelegate.swift */; };
		DC48B6F21A709B3100C4DB89 /* BlogReader.xcdatamodeld in Sources */ = {isa = PBXBuildFile; fileRef = DC48B6F01A709B3100C4DB89 /* BlogReader.xcdatamodeld */; };
		DC48B6F41A709B3100C4DB89 /* MasterViewController.swift in Sources */ = {isa = PBXBuildFile; fileRef = DC48B6F31A709B3100C4DB89 /* MasterViewController.swift */; };
		DC48B6F61A709B3100C4DB89 /* DetailViewController.swift in Sources */ = {isa = PBXBuildFile; fileRef = DC48B6F51A709B3100C4DB89 /* DetailViewController.swift */; };
		DC48B6F91A709B3100C4DB89 /* Main.storyboard in Resources */ = {isa = PBXBuildFile; fileRef = DC48B6F71A709B3100C4DB89 /* Main.storyboard */; };
		DC48B6FB1A709B3100C4DB89 /* Images.xcassets in Resources */ = {isa = PBXBuildFile; fileRef = DC48B6FA1A709B3100C4DB89 /* Images.xcassets */; };
		DC48B6FE1A709B3100C4DB89 /* LaunchScreen.xib in Resources */ = {isa = PBXBuildFile; fileRef = DC48B6FC1A709B3100C4DB89 /* LaunchScreen.xib */; };
		DC48B70A1A709B3200C4DB89 /* BlogReaderTests.swift in Sources */ = {isa = PBXBuildFile; fileRef = DC48B7091A709B3200C4DB89 /* BlogReaderTests.swift */; };
		DC48B7161A70A6A700C4DB89 /* blog1.png in Resources */ = {isa = PBXBuildFile; fileRef = DC48B7131A70A6A700C4DB89 /* blog1.png */; };
		DC48B7171A70A6A700C4DB89 /* blog2.png in Resources */ = {isa = PBXBuildFile; fileRef = DC48B7141A70A6A700C4DB89 /* blog2.png */; };
		DC48B7181A70A6A700C4DB89 /* blog3.png in Resources */ = {isa = PBXBuildFile; fileRef = DC48B7151A70A6A700C4DB89 /* blog3.png */; };
		DC48B71D1A70B7E700C4DB89 /* BlogItem.swift in Sources */ = {isa = PBXBuildFile; fileRef = DC48B71C1A70B7E700C4DB89 /* BlogItem.swift */; };
		DCE5DF301A7B2D3F00E7F7B4 /* BlogCacheItem.swift in Sources */ = {isa = PBXBuildFile; fileRef = DCE5DF2F1A7B2D3F00E7F7B4 /* BlogCacheItem.swift */; };
		DCE5DF341A7B476500E7F7B4 /* BlogService.swift in Sources */ = {isa = PBXBuildFile; fileRef = DCE5DF331A7B476500E7F7B4 /* BlogService.swift */; };
		DCE5DF361A7B485E00E7F7B4 /* IBlogService.swift in Sources */ = {isa = PBXBuildFile; fileRef = DCE5DF351A7B485E00E7F7B4 /* IBlogService.swift */; };
/* End PBXBuildFile section */

/* Begin PBXContainerItemProxy section */
		3A0E8C1D1A945648008BFB2B /* PBXContainerItemProxy */ = {
			isa = PBXContainerItemProxy;
			containerPortal = 3A0E8C171A945648008BFB2B /* PromiseKit.xcodeproj */;
			proxyType = 2;
			remoteGlobalIDString = 637D0F1119437D4C0059AD78;
			remoteInfo = PromiseKit;
		};
		3A0E8C1F1A945648008BFB2B /* PBXContainerItemProxy */ = {
			isa = PBXContainerItemProxy;
			containerPortal = 3A0E8C171A945648008BFB2B /* PromiseKit.xcodeproj */;
			proxyType = 2;
			remoteGlobalIDString = 637D0F1219437D4C0059AD78;
			remoteInfo = PromiseKitTests;
		};
		3A0E8C211A945648008BFB2B /* PBXContainerItemProxy */ = {
			isa = PBXContainerItemProxy;
			containerPortal = 3A0E8C171A945648008BFB2B /* PromiseKit.xcodeproj */;
			proxyType = 2;
			remoteGlobalIDString = 637D0F1019437D4C0059AD78;
			remoteInfo = PMKDemo;
		};
		3A0E8C281A9456A9008BFB2B /* PBXContainerItemProxy */ = {
			isa = PBXContainerItemProxy;
			containerPortal = 3A0E8C231A9456A9008BFB2B /* OMGHTTPURLRQ.xcodeproj */;
			proxyType = 2;
			remoteGlobalIDString = 63EDFE721A7FFD0E0030F974;
			remoteInfo = OMGHTTPURLRQ;
		};
		3A0E8C2A1A9456A9008BFB2B /* PBXContainerItemProxy */ = {
			isa = PBXContainerItemProxy;
			containerPortal = 3A0E8C231A9456A9008BFB2B /* OMGHTTPURLRQ.xcodeproj */;
			proxyType = 2;
			remoteGlobalIDString = 63EDFE7D1A7FFD0E0030F974;
			remoteInfo = OMGTest;
		};
		3A0E8C2E1A94579B008BFB2B /* PBXContainerItemProxy */ = {
			isa = PBXContainerItemProxy;
			containerPortal = 3A0E8C231A9456A9008BFB2B /* OMGHTTPURLRQ.xcodeproj */;
			proxyType = 1;
			remoteGlobalIDString = 63EDFE711A7FFD0E0030F974;
			remoteInfo = OMGHTTPURLRQ;
		};
		3A0E8C331A9457AA008BFB2B /* PBXContainerItemProxy */ = {
			isa = PBXContainerItemProxy;
			containerPortal = 3A0E8C171A945648008BFB2B /* PromiseKit.xcodeproj */;
			proxyType = 1;
			remoteGlobalIDString = 63BC394919422A9600D8CD9A;
			remoteInfo = PromiseKit;
		};
		3A69BE871A9AFA0E0086C9B9 /* PBXContainerItemProxy */ = {
			isa = PBXContainerItemProxy;
			containerPortal = 3A69BE7C1A9AFA0D0086C9B9 /* Typhoon.xcodeproj */;
			proxyType = 2;
			remoteGlobalIDString = 6B076E5A1936F5850083714E;
			remoteInfo = "Typhoon-iOS";
		};
		3A69BE891A9AFA0E0086C9B9 /* PBXContainerItemProxy */ = {
			isa = PBXContainerItemProxy;
			containerPortal = 3A69BE7C1A9AFA0D0086C9B9 /* Typhoon.xcodeproj */;
			proxyType = 2;
			remoteGlobalIDString = 6B076E7E1936F5850083714E;
			remoteInfo = "Typhoon-iOSTests";
		};
		3A69BE8B1A9AFA0E0086C9B9 /* PBXContainerItemProxy */ = {
			isa = PBXContainerItemProxy;
			containerPortal = 3A69BE7C1A9AFA0D0086C9B9 /* Typhoon.xcodeproj */;
			proxyType = 2;
			remoteGlobalIDString = 6B07734619377EAA0083714E;
			remoteInfo = "Typhoon-OSX";
		};
		3A69BE8D1A9AFA0E0086C9B9 /* PBXContainerItemProxy */ = {
			isa = PBXContainerItemProxy;
			containerPortal = 3A69BE7C1A9AFA0D0086C9B9 /* Typhoon.xcodeproj */;
			proxyType = 2;
			remoteGlobalIDString = 6B07736019377EAA0083714E;
			remoteInfo = "Typhoon-OSXTests";
		};
		3A69BE8F1A9AFA0E0086C9B9 /* PBXContainerItemProxy */ = {
			isa = PBXContainerItemProxy;
			containerPortal = 3A69BE7C1A9AFA0D0086C9B9 /* Typhoon.xcodeproj */;
			proxyType = 2;
			remoteGlobalIDString = 90ABC3EA1A36B09E008D8162;
			remoteInfo = Typhoon;
		};
		3A69BE911A9AFA0E0086C9B9 /* PBXContainerItemProxy */ = {
			isa = PBXContainerItemProxy;
			containerPortal = 3A69BE7C1A9AFA0D0086C9B9 /* Typhoon.xcodeproj */;
			proxyType = 2;
			remoteGlobalIDString = 90ABC3F41A36B09E008D8162;
			remoteInfo = TyphoonTests;
		};
		3A69BE931A9AFA0E0086C9B9 /* PBXContainerItemProxy */ = {
			isa = PBXContainerItemProxy;
			containerPortal = 3A69BE7C1A9AFA0D0086C9B9 /* Typhoon.xcodeproj */;
			proxyType = 2;
			remoteGlobalIDString = 90ABC4BB1A36BA53008D8162;
			remoteInfo = TyphoonFrameworkSwiftExample;
		};
		3A69BE951A9AFA0E0086C9B9 /* PBXContainerItemProxy */ = {
			isa = PBXContainerItemProxy;
			containerPortal = 3A69BE7C1A9AFA0D0086C9B9 /* Typhoon.xcodeproj */;
			proxyType = 2;
			remoteGlobalIDString = 90ABC4CF1A36BA53008D8162;
			remoteInfo = TyphoonFrameworkSwiftExampleTests;
		};
		3A69BE981A9AFA580086C9B9 /* PBXContainerItemProxy */ = {
			isa = PBXContainerItemProxy;
			containerPortal = 3A69BE7C1A9AFA0D0086C9B9 /* Typhoon.xcodeproj */;
			proxyType = 1;
			remoteGlobalIDString = 6B076E591936F5850083714E;
			remoteInfo = "Typhoon-iOS";
		};
		3A69BE9C1A9AFA580086C9B9 /* PBXContainerItemProxy */ = {
			isa = PBXContainerItemProxy;
			containerPortal = 3A69BE7C1A9AFA0D0086C9B9 /* Typhoon.xcodeproj */;
			proxyType = 1;
			remoteGlobalIDString = 90ABC3E91A36B09E008D8162;
			remoteInfo = Typhoon;
		};
		DC48B7041A709B3200C4DB89 /* PBXContainerItemProxy */ = {
			isa = PBXContainerItemProxy;
			containerPortal = DC48B6E11A709B3100C4DB89 /* Project object */;
			proxyType = 1;
			remoteGlobalIDString = DC48B6E81A709B3100C4DB89;
			remoteInfo = BlogReader;
		};
/* End PBXContainerItemProxy section */

/* Begin PBXCopyFilesBuildPhase section */
		3A0E8C301A94579B008BFB2B /* Embed Frameworks */ = {
			isa = PBXCopyFilesBuildPhase;
			buildActionMask = 2147483647;
			dstPath = "";
			dstSubfolderSpec = 10;
			files = (
				3A69BE9B1A9AFA580086C9B9 /* Typhoon.framework in Embed Frameworks */,
				3A0E8C2D1A94579B008BFB2B /* OMGHTTPURLRQ.framework in Embed Frameworks */,
				3A0E8C321A9457AA008BFB2B /* PromiseKit.framework in Embed Frameworks */,
			);
			name = "Embed Frameworks";
			runOnlyForDeploymentPostprocessing = 0;
		};
/* End PBXCopyFilesBuildPhase section */

/* Begin PBXFileReference section */
		3A0E8C171A945648008BFB2B /* PromiseKit.xcodeproj */ = {isa = PBXFileReference; lastKnownFileType = "wrapper.pb-project"; name = PromiseKit.xcodeproj; path = ../PromiseKit/swift/PromiseKit.xcodeproj; sourceTree = "<group>"; };
		3A0E8C231A9456A9008BFB2B /* OMGHTTPURLRQ.xcodeproj */ = {isa = PBXFileReference; lastKnownFileType = "wrapper.pb-project"; name = OMGHTTPURLRQ.xcodeproj; path = ../OMGHTTPURLRQ/OMGHTTPURLRQ.xcodeproj; sourceTree = "<group>"; };
		3A69BE761A9AE9C70086C9B9 /* ApplicationAssembly.swift */ = {isa = PBXFileReference; fileEncoding = 4; lastKnownFileType = sourcecode.swift; path = ApplicationAssembly.swift; sourceTree = "<group>"; };
		3A69BE781A9AEA3A0086C9B9 /* Configuration.plist */ = {isa = PBXFileReference; fileEncoding = 4; lastKnownFileType = text.plist.xml; path = Configuration.plist; sourceTree = "<group>"; };
		3A69BE7A1A9AF1090086C9B9 /* CoreComponents.swift */ = {isa = PBXFileReference; fileEncoding = 4; lastKnownFileType = sourcecode.swift; path = CoreComponents.swift; sourceTree = "<group>"; };
		3A69BE7C1A9AFA0D0086C9B9 /* Typhoon.xcodeproj */ = {isa = PBXFileReference; lastKnownFileType = "wrapper.pb-project"; name = Typhoon.xcodeproj; path = ../Typhoon/Typhoon.xcodeproj; sourceTree = "<group>"; };
		DC48B6E91A709B3100C4DB89 /* BlogReader.app */ = {isa = PBXFileReference; explicitFileType = wrapper.application; includeInIndex = 0; path = BlogReader.app; sourceTree = BUILT_PRODUCTS_DIR; };
		DC48B6ED1A709B3100C4DB89 /* Info.plist */ = {isa = PBXFileReference; lastKnownFileType = text.plist.xml; path = Info.plist; sourceTree = "<group>"; };
		DC48B6EE1A709B3100C4DB89 /* AppDelegate.swift */ = {isa = PBXFileReference; lastKnownFileType = sourcecode.swift; path = AppDelegate.swift; sourceTree = "<group>"; };
		DC48B6F11A709B3100C4DB89 /* BlogReader.xcdatamodel */ = {isa = PBXFileReference; lastKnownFileType = wrapper.xcdatamodel; path = BlogReader.xcdatamodel; sourceTree = "<group>"; };
		DC48B6F31A709B3100C4DB89 /* MasterViewController.swift */ = {isa = PBXFileReference; lastKnownFileType = sourcecode.swift; path = MasterViewController.swift; sourceTree = "<group>"; };
		DC48B6F51A709B3100C4DB89 /* DetailViewController.swift */ = {isa = PBXFileReference; lastKnownFileType = sourcecode.swift; path = DetailViewController.swift; sourceTree = "<group>"; };
		DC48B6F81A709B3100C4DB89 /* Base */ = {isa = PBXFileReference; lastKnownFileType = file.storyboard; name = Base; path = Base.lproj/Main.storyboard; sourceTree = "<group>"; };
		DC48B6FA1A709B3100C4DB89 /* Images.xcassets */ = {isa = PBXFileReference; lastKnownFileType = folder.assetcatalog; path = Images.xcassets; sourceTree = "<group>"; };
		DC48B6FD1A709B3100C4DB89 /* Base */ = {isa = PBXFileReference; lastKnownFileType = file.xib; name = Base; path = Base.lproj/LaunchScreen.xib; sourceTree = "<group>"; };
		DC48B7031A709B3200C4DB89 /* BlogReaderTests.xctest */ = {isa = PBXFileReference; explicitFileType = wrapper.cfbundle; includeInIndex = 0; path = BlogReaderTests.xctest; sourceTree = BUILT_PRODUCTS_DIR; };
		DC48B7081A709B3200C4DB89 /* Info.plist */ = {isa = PBXFileReference; lastKnownFileType = text.plist.xml; path = Info.plist; sourceTree = "<group>"; };
		DC48B7091A709B3200C4DB89 /* BlogReaderTests.swift */ = {isa = PBXFileReference; lastKnownFileType = sourcecode.swift; path = BlogReaderTests.swift; sourceTree = "<group>"; };
		DC48B7131A70A6A700C4DB89 /* blog1.png */ = {isa = PBXFileReference; lastKnownFileType = image.png; path = blog1.png; sourceTree = "<group>"; };
		DC48B7141A70A6A700C4DB89 /* blog2.png */ = {isa = PBXFileReference; lastKnownFileType = image.png; path = blog2.png; sourceTree = "<group>"; };
		DC48B7151A70A6A700C4DB89 /* blog3.png */ = {isa = PBXFileReference; lastKnownFileType = image.png; path = blog3.png; sourceTree = "<group>"; };
		DC48B71C1A70B7E700C4DB89 /* BlogItem.swift */ = {isa = PBXFileReference; fileEncoding = 4; lastKnownFileType = sourcecode.swift; path = BlogItem.swift; sourceTree = "<group>"; };
		DCE5DF2F1A7B2D3F00E7F7B4 /* BlogCacheItem.swift */ = {isa = PBXFileReference; fileEncoding = 4; lastKnownFileType = sourcecode.swift; path = BlogCacheItem.swift; sourceTree = "<group>"; };
		DCE5DF331A7B476500E7F7B4 /* BlogService.swift */ = {isa = PBXFileReference; fileEncoding = 4; lastKnownFileType = sourcecode.swift; path = BlogService.swift; sourceTree = "<group>"; };
		DCE5DF351A7B485E00E7F7B4 /* IBlogService.swift */ = {isa = PBXFileReference; fileEncoding = 4; lastKnownFileType = sourcecode.swift; path = IBlogService.swift; sourceTree = "<group>"; };
/* End PBXFileReference section */

/* Begin PBXFrameworksBuildPhase section */
		DC48B6E61A709B3100C4DB89 /* Frameworks */ = {
			isa = PBXFrameworksBuildPhase;
			buildActionMask = 2147483647;
			files = (
				3A69BE9A1A9AFA580086C9B9 /* Typhoon.framework in Frameworks */,
				3A0E8C2C1A94579B008BFB2B /* OMGHTTPURLRQ.framework in Frameworks */,
				3A0E8C311A9457AA008BFB2B /* PromiseKit.framework in Frameworks */,
			);
			runOnlyForDeploymentPostprocessing = 0;
		};
		DC48B7001A709B3200C4DB89 /* Frameworks */ = {
			isa = PBXFrameworksBuildPhase;
			buildActionMask = 2147483647;
			files = (
			);
			runOnlyForDeploymentPostprocessing = 0;
		};
/* End PBXFrameworksBuildPhase section */

/* Begin PBXGroup section */
		3A0E8C181A945648008BFB2B /* Products */ = {
			isa = PBXGroup;
			children = (
				3A0E8C1E1A945648008BFB2B /* PromiseKit.framework */,
				3A0E8C201A945648008BFB2B /* PromiseKitTests.xctest */,
				3A0E8C221A945648008BFB2B /* PMKDemo.app */,
			);
			name = Products;
			sourceTree = "<group>";
		};
		3A0E8C241A9456A9008BFB2B /* Products */ = {
			isa = PBXGroup;
			children = (
				3A0E8C291A9456A9008BFB2B /* OMGHTTPURLRQ.framework */,
				3A0E8C2B1A9456A9008BFB2B /* OMGTest.xctest */,
			);
			name = Products;
			sourceTree = "<group>";
		};
		3A69BE721A9AE8A50086C9B9 /* Assembly */ = {
			isa = PBXGroup;
			children = (
				3A69BE7A1A9AF1090086C9B9 /* CoreComponents.swift */,
				3A69BE781A9AEA3A0086C9B9 /* Configuration.plist */,
				3A69BE761A9AE9C70086C9B9 /* ApplicationAssembly.swift */,
			);
			name = Assembly;
			sourceTree = "<group>";
		};
		3A69BE7D1A9AFA0D0086C9B9 /* Products */ = {
			isa = PBXGroup;
			children = (
				3A69BE881A9AFA0E0086C9B9 /* Typhoon-iOS.app */,
				3A69BE8A1A9AFA0E0086C9B9 /* Typhoon-iOSTests.xctest */,
				3A69BE8C1A9AFA0E0086C9B9 /* Typhoon-OSX.app */,
				3A69BE8E1A9AFA0E0086C9B9 /* Typhoon-OSXTests.xctest */,
				3A69BE901A9AFA0E0086C9B9 /* Typhoon.framework */,
				3A69BE921A9AFA0E0086C9B9 /* TyphoonTests.xctest */,
				3A69BE941A9AFA0E0086C9B9 /* TyphoonFrameworkSwiftExample.app */,
				3A69BE961A9AFA0E0086C9B9 /* TyphoonFrameworkSwiftExampleTests.xctest */,
			);
			name = Products;
			sourceTree = "<group>";
		};
		DC3ACB7A1A7D75FD00C318B8 /* Library */ = {
			isa = PBXGroup;
			children = (
			);
			name = Library;
			sourceTree = "<group>";
		};
		DC48B6E01A709B3100C4DB89 = {
			isa = PBXGroup;
			children = (
				3A69BE7C1A9AFA0D0086C9B9 /* Typhoon.xcodeproj */,
				3A0E8C231A9456A9008BFB2B /* OMGHTTPURLRQ.xcodeproj */,
				3A0E8C171A945648008BFB2B /* PromiseKit.xcodeproj */,
				DC3ACB7A1A7D75FD00C318B8 /* Library */,
				DC48B6EB1A709B3100C4DB89 /* BlogReader */,
				DC48B7061A709B3200C4DB89 /* BlogReaderTests */,
				DC48B6EA1A709B3100C4DB89 /* Products */,
			);
			sourceTree = "<group>";
		};
		DC48B6EA1A709B3100C4DB89 /* Products */ = {
			isa = PBXGroup;
			children = (
				DC48B6E91A709B3100C4DB89 /* BlogReader.app */,
				DC48B7031A709B3200C4DB89 /* BlogReaderTests.xctest */,
			);
			name = Products;
			sourceTree = "<group>";
		};
		DC48B6EB1A709B3100C4DB89 /* BlogReader */ = {
			isa = PBXGroup;
			children = (
				3A69BE721A9AE8A50086C9B9 /* Assembly */,
				DCE5DF321A7B409500E7F7B4 /* Services */,
				DC48B7191A70A6B400C4DB89 /* Images */,
				DC48B6EE1A709B3100C4DB89 /* AppDelegate.swift */,
				DC48B6F31A709B3100C4DB89 /* MasterViewController.swift */,
				DC48B6F51A709B3100C4DB89 /* DetailViewController.swift */,
				DC48B6F71A709B3100C4DB89 /* Main.storyboard */,
				DC48B6FA1A709B3100C4DB89 /* Images.xcassets */,
				DC48B6FC1A709B3100C4DB89 /* LaunchScreen.xib */,
				DC48B6F01A709B3100C4DB89 /* BlogReader.xcdatamodeld */,
				DC48B71C1A70B7E700C4DB89 /* BlogItem.swift */,
				DC48B6EC1A709B3100C4DB89 /* Supporting Files */,
				DCE5DF2F1A7B2D3F00E7F7B4 /* BlogCacheItem.swift */,
			);
			path = BlogReader;
			sourceTree = "<group>";
		};
		DC48B6EC1A709B3100C4DB89 /* Supporting Files */ = {
			isa = PBXGroup;
			children = (
				DC48B6ED1A709B3100C4DB89 /* Info.plist */,
			);
			name = "Supporting Files";
			sourceTree = "<group>";
		};
		DC48B7061A709B3200C4DB89 /* BlogReaderTests */ = {
			isa = PBXGroup;
			children = (
				DC48B7091A709B3200C4DB89 /* BlogReaderTests.swift */,
				DC48B7071A709B3200C4DB89 /* Supporting Files */,
			);
			path = BlogReaderTests;
			sourceTree = "<group>";
		};
		DC48B7071A709B3200C4DB89 /* Supporting Files */ = {
			isa = PBXGroup;
			children = (
				DC48B7081A709B3200C4DB89 /* Info.plist */,
			);
			name = "Supporting Files";
			sourceTree = "<group>";
		};
		DC48B7191A70A6B400C4DB89 /* Images */ = {
			isa = PBXGroup;
			children = (
				DC48B7131A70A6A700C4DB89 /* blog1.png */,
				DC48B7141A70A6A700C4DB89 /* blog2.png */,
				DC48B7151A70A6A700C4DB89 /* blog3.png */,
			);
			name = Images;
			sourceTree = "<group>";
		};
		DCE5DF321A7B409500E7F7B4 /* Services */ = {
			isa = PBXGroup;
			children = (
				DCE5DF331A7B476500E7F7B4 /* BlogService.swift */,
				DCE5DF351A7B485E00E7F7B4 /* IBlogService.swift */,
			);
			name = Services;
			sourceTree = "<group>";
		};
/* End PBXGroup section */

/* Begin PBXNativeTarget section */
		DC48B6E81A709B3100C4DB89 /* BlogReader */ = {
			isa = PBXNativeTarget;
			buildConfigurationList = DC48B70D1A709B3200C4DB89 /* Build configuration list for PBXNativeTarget "BlogReader" */;
			buildPhases = (
				DC48B6E51A709B3100C4DB89 /* Sources */,
				DC48B6E61A709B3100C4DB89 /* Frameworks */,
				DC48B6E71A709B3100C4DB89 /* Resources */,
				3A0E8C301A94579B008BFB2B /* Embed Frameworks */,
			);
			buildRules = (
			);
			dependencies = (
				3A0E8C2F1A94579B008BFB2B /* PBXTargetDependency */,
				3A0E8C341A9457AA008BFB2B /* PBXTargetDependency */,
				3A69BE991A9AFA580086C9B9 /* PBXTargetDependency */,
				3A69BE9D1A9AFA580086C9B9 /* PBXTargetDependency */,
			);
			name = BlogReader;
			productName = BlogReader;
			productReference = DC48B6E91A709B3100C4DB89 /* BlogReader.app */;
			productType = "com.apple.product-type.application";
		};
		DC48B7021A709B3200C4DB89 /* BlogReaderTests */ = {
			isa = PBXNativeTarget;
			buildConfigurationList = DC48B7101A709B3200C4DB89 /* Build configuration list for PBXNativeTarget "BlogReaderTests" */;
			buildPhases = (
				DC48B6FF1A709B3200C4DB89 /* Sources */,
				DC48B7001A709B3200C4DB89 /* Frameworks */,
				DC48B7011A709B3200C4DB89 /* Resources */,
			);
			buildRules = (
			);
			dependencies = (
				DC48B7051A709B3200C4DB89 /* PBXTargetDependency */,
			);
			name = BlogReaderTests;
			productName = BlogReaderTests;
			productReference = DC48B7031A709B3200C4DB89 /* BlogReaderTests.xctest */;
			productType = "com.apple.product-type.bundle.unit-test";
		};
/* End PBXNativeTarget section */

/* Begin PBXProject section */
		DC48B6E11A709B3100C4DB89 /* Project object */ = {
			isa = PBXProject;
			attributes = {
				LastUpgradeCheck = 0610;
				ORGANIZATIONNAME = "Jeff Jin";
				TargetAttributes = {
					DC48B6E81A709B3100C4DB89 = {
						CreatedOnToolsVersion = 6.1.1;
						DevelopmentTeam = U8397397DT;
					};
					DC48B7021A709B3200C4DB89 = {
						CreatedOnToolsVersion = 6.1.1;
						TestTargetID = DC48B6E81A709B3100C4DB89;
					};
				};
			};
			buildConfigurationList = DC48B6E41A709B3100C4DB89 /* Build configuration list for PBXProject "BlogReader" */;
			compatibilityVersion = "Xcode 3.2";
			developmentRegion = English;
			hasScannedForEncodings = 0;
			knownRegions = (
				en,
				Base,
			);
			mainGroup = DC48B6E01A709B3100C4DB89;
			productRefGroup = DC48B6EA1A709B3100C4DB89 /* Products */;
			projectDirPath = "";
			projectReferences = (
				{
					ProductGroup = 3A0E8C241A9456A9008BFB2B /* Products */;
					ProjectRef = 3A0E8C231A9456A9008BFB2B /* OMGHTTPURLRQ.xcodeproj */;
				},
				{
					ProductGroup = 3A0E8C181A945648008BFB2B /* Products */;
					ProjectRef = 3A0E8C171A945648008BFB2B /* PromiseKit.xcodeproj */;
				},
				{
					ProductGroup = 3A69BE7D1A9AFA0D0086C9B9 /* Products */;
					ProjectRef = 3A69BE7C1A9AFA0D0086C9B9 /* Typhoon.xcodeproj */;
				},
			);
			projectRoot = "";
			targets = (
				DC48B6E81A709B3100C4DB89 /* BlogReader */,
				DC48B7021A709B3200C4DB89 /* BlogReaderTests */,
			);
		};
/* End PBXProject section */

/* Begin PBXReferenceProxy section */
		3A0E8C1E1A945648008BFB2B /* PromiseKit.framework */ = {
			isa = PBXReferenceProxy;
			fileType = wrapper.framework;
			path = PromiseKit.framework;
			remoteRef = 3A0E8C1D1A945648008BFB2B /* PBXContainerItemProxy */;
			sourceTree = BUILT_PRODUCTS_DIR;
		};
		3A0E8C201A945648008BFB2B /* PromiseKitTests.xctest */ = {
			isa = PBXReferenceProxy;
			fileType = wrapper.cfbundle;
			path = PromiseKitTests.xctest;
			remoteRef = 3A0E8C1F1A945648008BFB2B /* PBXContainerItemProxy */;
			sourceTree = BUILT_PRODUCTS_DIR;
		};
		3A0E8C221A945648008BFB2B /* PMKDemo.app */ = {
			isa = PBXReferenceProxy;
			fileType = wrapper.application;
			path = PMKDemo.app;
			remoteRef = 3A0E8C211A945648008BFB2B /* PBXContainerItemProxy */;
			sourceTree = BUILT_PRODUCTS_DIR;
		};
		3A0E8C291A9456A9008BFB2B /* OMGHTTPURLRQ.framework */ = {
			isa = PBXReferenceProxy;
			fileType = wrapper.framework;
			path = OMGHTTPURLRQ.framework;
			remoteRef = 3A0E8C281A9456A9008BFB2B /* PBXContainerItemProxy */;
			sourceTree = BUILT_PRODUCTS_DIR;
		};
		3A0E8C2B1A9456A9008BFB2B /* OMGTest.xctest */ = {
			isa = PBXReferenceProxy;
			fileType = wrapper.cfbundle;
			path = OMGTest.xctest;
			remoteRef = 3A0E8C2A1A9456A9008BFB2B /* PBXContainerItemProxy */;
			sourceTree = BUILT_PRODUCTS_DIR;
		};
		3A69BE881A9AFA0E0086C9B9 /* Typhoon-iOS.app */ = {
			isa = PBXReferenceProxy;
			fileType = wrapper.application;
			path = "Typhoon-iOS.app";
			remoteRef = 3A69BE871A9AFA0E0086C9B9 /* PBXContainerItemProxy */;
			sourceTree = BUILT_PRODUCTS_DIR;
		};
		3A69BE8A1A9AFA0E0086C9B9 /* Typhoon-iOSTests.xctest */ = {
			isa = PBXReferenceProxy;
			fileType = wrapper.cfbundle;
			path = "Typhoon-iOSTests.xctest";
			remoteRef = 3A69BE891A9AFA0E0086C9B9 /* PBXContainerItemProxy */;
			sourceTree = BUILT_PRODUCTS_DIR;
		};
		3A69BE8C1A9AFA0E0086C9B9 /* Typhoon-OSX.app */ = {
			isa = PBXReferenceProxy;
			fileType = wrapper.application;
			path = "Typhoon-OSX.app";
			remoteRef = 3A69BE8B1A9AFA0E0086C9B9 /* PBXContainerItemProxy */;
			sourceTree = BUILT_PRODUCTS_DIR;
		};
		3A69BE8E1A9AFA0E0086C9B9 /* Typhoon-OSXTests.xctest */ = {
			isa = PBXReferenceProxy;
			fileType = wrapper.cfbundle;
			path = "Typhoon-OSXTests.xctest";
			remoteRef = 3A69BE8D1A9AFA0E0086C9B9 /* PBXContainerItemProxy */;
			sourceTree = BUILT_PRODUCTS_DIR;
		};
		3A69BE901A9AFA0E0086C9B9 /* Typhoon.framework */ = {
			isa = PBXReferenceProxy;
			fileType = wrapper.framework;
			path = Typhoon.framework;
			remoteRef = 3A69BE8F1A9AFA0E0086C9B9 /* PBXContainerItemProxy */;
			sourceTree = BUILT_PRODUCTS_DIR;
		};
		3A69BE921A9AFA0E0086C9B9 /* TyphoonTests.xctest */ = {
			isa = PBXReferenceProxy;
			fileType = wrapper.cfbundle;
			path = TyphoonTests.xctest;
			remoteRef = 3A69BE911A9AFA0E0086C9B9 /* PBXContainerItemProxy */;
			sourceTree = BUILT_PRODUCTS_DIR;
		};
		3A69BE941A9AFA0E0086C9B9 /* TyphoonFrameworkSwiftExample.app */ = {
			isa = PBXReferenceProxy;
			fileType = wrapper.application;
			path = TyphoonFrameworkSwiftExample.app;
			remoteRef = 3A69BE931A9AFA0E0086C9B9 /* PBXContainerItemProxy */;
			sourceTree = BUILT_PRODUCTS_DIR;
		};
		3A69BE961A9AFA0E0086C9B9 /* TyphoonFrameworkSwiftExampleTests.xctest */ = {
			isa = PBXReferenceProxy;
			fileType = wrapper.cfbundle;
			path = TyphoonFrameworkSwiftExampleTests.xctest;
			remoteRef = 3A69BE951A9AFA0E0086C9B9 /* PBXContainerItemProxy */;
			sourceTree = BUILT_PRODUCTS_DIR;
		};
/* End PBXReferenceProxy section */

/* Begin PBXResourcesBuildPhase section */
		DC48B6E71A709B3100C4DB89 /* Resources */ = {
			isa = PBXResourcesBuildPhase;
			buildActionMask = 2147483647;
			files = (
				DC48B6F91A709B3100C4DB89 /* Main.storyboard in Resources */,
				DC48B7161A70A6A700C4DB89 /* blog1.png in Resources */,
				3A69BE791A9AEA3A0086C9B9 /* Configuration.plist in Resources */,
				DC48B6FE1A709B3100C4DB89 /* LaunchScreen.xib in Resources */,
				DC48B7171A70A6A700C4DB89 /* blog2.png in Resources */,
				DC48B6FB1A709B3100C4DB89 /* Images.xcassets in Resources */,
				DC48B7181A70A6A700C4DB89 /* blog3.png in Resources */,
				3A69BE971A9AFA580086C9B9 /* Typhoon-iOS.app in Resources */,
			);
			runOnlyForDeploymentPostprocessing = 0;
		};
		DC48B7011A709B3200C4DB89 /* Resources */ = {
			isa = PBXResourcesBuildPhase;
			buildActionMask = 2147483647;
			files = (
			);
			runOnlyForDeploymentPostprocessing = 0;
		};
/* End PBXResourcesBuildPhase section */

/* Begin PBXSourcesBuildPhase section */
		DC48B6E51A709B3100C4DB89 /* Sources */ = {
			isa = PBXSourcesBuildPhase;
			buildActionMask = 2147483647;
			files = (
				3A69BE7B1A9AF1090086C9B9 /* CoreComponents.swift in Sources */,
				DC48B71D1A70B7E700C4DB89 /* BlogItem.swift in Sources */,
				DCE5DF301A7B2D3F00E7F7B4 /* BlogCacheItem.swift in Sources */,
				DC48B6F21A709B3100C4DB89 /* BlogReader.xcdatamodeld in Sources */,
				DCE5DF361A7B485E00E7F7B4 /* IBlogService.swift in Sources */,
				DC48B6EF1A709B3100C4DB89 /* AppDelegate.swift in Sources */,
				DC48B6F41A709B3100C4DB89 /* MasterViewController.swift in Sources */,
				DCE5DF341A7B476500E7F7B4 /* BlogService.swift in Sources */,
				3A69BE771A9AE9C70086C9B9 /* ApplicationAssembly.swift in Sources */,
				DC48B6F61A709B3100C4DB89 /* DetailViewController.swift in Sources */,
			);
			runOnlyForDeploymentPostprocessing = 0;
		};
		DC48B6FF1A709B3200C4DB89 /* Sources */ = {
			isa = PBXSourcesBuildPhase;
			buildActionMask = 2147483647;
			files = (
				DC48B70A1A709B3200C4DB89 /* BlogReaderTests.swift in Sources */,
			);
			runOnlyForDeploymentPostprocessing = 0;
		};
/* End PBXSourcesBuildPhase section */

/* Begin PBXTargetDependency section */
		3A0E8C2F1A94579B008BFB2B /* PBXTargetDependency */ = {
			isa = PBXTargetDependency;
			name = OMGHTTPURLRQ;
			targetProxy = 3A0E8C2E1A94579B008BFB2B /* PBXContainerItemProxy */;
		};
		3A0E8C341A9457AA008BFB2B /* PBXTargetDependency */ = {
			isa = PBXTargetDependency;
			name = PromiseKit;
			targetProxy = 3A0E8C331A9457AA008BFB2B /* PBXContainerItemProxy */;
		};
		3A69BE991A9AFA580086C9B9 /* PBXTargetDependency */ = {
			isa = PBXTargetDependency;
			name = "Typhoon-iOS";
			targetProxy = 3A69BE981A9AFA580086C9B9 /* PBXContainerItemProxy */;
		};
		3A69BE9D1A9AFA580086C9B9 /* PBXTargetDependency */ = {
			isa = PBXTargetDependency;
			name = Typhoon;
			targetProxy = 3A69BE9C1A9AFA580086C9B9 /* PBXContainerItemProxy */;
		};
		DC48B7051A709B3200C4DB89 /* PBXTargetDependency */ = {
			isa = PBXTargetDependency;
			target = DC48B6E81A709B3100C4DB89 /* BlogReader */;
			targetProxy = DC48B7041A709B3200C4DB89 /* PBXContainerItemProxy */;
		};
/* End PBXTargetDependency section */

/* Begin PBXVariantGroup section */
		DC48B6F71A709B3100C4DB89 /* Main.storyboard */ = {
			isa = PBXVariantGroup;
			children = (
				DC48B6F81A709B3100C4DB89 /* Base */,
			);
			name = Main.storyboard;
			sourceTree = "<group>";
		};
		DC48B6FC1A709B3100C4DB89 /* LaunchScreen.xib */ = {
			isa = PBXVariantGroup;
			children = (
				DC48B6FD1A709B3100C4DB89 /* Base */,
			);
			name = LaunchScreen.xib;
			sourceTree = "<group>";
		};
/* End PBXVariantGroup section */

/* Begin XCBuildConfiguration section */
		DC48B70B1A709B3200C4DB89 /* Debug */ = {
			isa = XCBuildConfiguration;
			buildSettings = {
				ALWAYS_SEARCH_USER_PATHS = NO;
				CLANG_CXX_LANGUAGE_STANDARD = "gnu++0x";
				CLANG_CXX_LIBRARY = "libc++";
				CLANG_ENABLE_MODULES = YES;
				CLANG_ENABLE_OBJC_ARC = YES;
				CLANG_WARN_BOOL_CONVERSION = YES;
				CLANG_WARN_CONSTANT_CONVERSION = YES;
				CLANG_WARN_DIRECT_OBJC_ISA_USAGE = YES_ERROR;
				CLANG_WARN_EMPTY_BODY = YES;
				CLANG_WARN_ENUM_CONVERSION = YES;
				CLANG_WARN_INT_CONVERSION = YES;
				CLANG_WARN_OBJC_ROOT_CLASS = YES_ERROR;
				CLANG_WARN_UNREACHABLE_CODE = YES;
				CLANG_WARN__DUPLICATE_METHOD_MATCH = YES;
				"CODE_SIGN_IDENTITY[sdk=iphoneos*]" = "iPhone Developer";
				COPY_PHASE_STRIP = NO;
				ENABLE_STRICT_OBJC_MSGSEND = YES;
				GCC_C_LANGUAGE_STANDARD = gnu99;
				GCC_DYNAMIC_NO_PIC = NO;
				GCC_OPTIMIZATION_LEVEL = 0;
				GCC_PREPROCESSOR_DEFINITIONS = (
					"DEBUG=1",
					"$(inherited)",
				);
				GCC_SYMBOLS_PRIVATE_EXTERN = NO;
				GCC_WARN_64_TO_32_BIT_CONVERSION = YES;
				GCC_WARN_ABOUT_RETURN_TYPE = YES_ERROR;
				GCC_WARN_UNDECLARED_SELECTOR = YES;
				GCC_WARN_UNINITIALIZED_AUTOS = YES_AGGRESSIVE;
				GCC_WARN_UNUSED_FUNCTION = YES;
				GCC_WARN_UNUSED_VARIABLE = YES;
				IPHONEOS_DEPLOYMENT_TARGET = 8.1;
				MTL_ENABLE_DEBUG_INFO = YES;
				ONLY_ACTIVE_ARCH = YES;
				SDKROOT = iphoneos;
				SWIFT_OPTIMIZATION_LEVEL = "-Onone";
				TARGETED_DEVICE_FAMILY = "1,2";
			};
			name = Debug;
		};
		DC48B70C1A709B3200C4DB89 /* Release */ = {
			isa = XCBuildConfiguration;
			buildSettings = {
				ALWAYS_SEARCH_USER_PATHS = NO;
				CLANG_CXX_LANGUAGE_STANDARD = "gnu++0x";
				CLANG_CXX_LIBRARY = "libc++";
				CLANG_ENABLE_MODULES = YES;
				CLANG_ENABLE_OBJC_ARC = YES;
				CLANG_WARN_BOOL_CONVERSION = YES;
				CLANG_WARN_CONSTANT_CONVERSION = YES;
				CLANG_WARN_DIRECT_OBJC_ISA_USAGE = YES_ERROR;
				CLANG_WARN_EMPTY_BODY = YES;
				CLANG_WARN_ENUM_CONVERSION = YES;
				CLANG_WARN_INT_CONVERSION = YES;
				CLANG_WARN_OBJC_ROOT_CLASS = YES_ERROR;
				CLANG_WARN_UNREACHABLE_CODE = YES;
				CLANG_WARN__DUPLICATE_METHOD_MATCH = YES;
				"CODE_SIGN_IDENTITY[sdk=iphoneos*]" = "iPhone Developer";
				COPY_PHASE_STRIP = YES;
				ENABLE_NS_ASSERTIONS = NO;
				ENABLE_STRICT_OBJC_MSGSEND = YES;
				GCC_C_LANGUAGE_STANDARD = gnu99;
				GCC_WARN_64_TO_32_BIT_CONVERSION = YES;
				GCC_WARN_ABOUT_RETURN_TYPE = YES_ERROR;
				GCC_WARN_UNDECLARED_SELECTOR = YES;
				GCC_WARN_UNINITIALIZED_AUTOS = YES_AGGRESSIVE;
				GCC_WARN_UNUSED_FUNCTION = YES;
				GCC_WARN_UNUSED_VARIABLE = YES;
				IPHONEOS_DEPLOYMENT_TARGET = 8.1;
				MTL_ENABLE_DEBUG_INFO = NO;
				SDKROOT = iphoneos;
				TARGETED_DEVICE_FAMILY = "1,2";
				VALIDATE_PRODUCT = YES;
			};
			name = Release;
		};
		DC48B70E1A709B3200C4DB89 /* Debug */ = {
			isa = XCBuildConfiguration;
			buildSettings = {
				ASSETCATALOG_COMPILER_APPICON_NAME = AppIcon;
				CODE_SIGN_IDENTITY = "iPhone Developer";
				EMBEDDED_CONTENT_CONTAINS_SWIFT = YES;
				INFOPLIST_FILE = BlogReader/Info.plist;
				LD_RUNPATH_SEARCH_PATHS = "$(inherited) @executable_path/Frameworks";
				LIBRARY_SEARCH_PATHS = (
					"$(inherited)",
					"$(PROJECT_DIR)/Pods/build/Debug-iphoneos",
				);
				PRODUCT_NAME = "$(TARGET_NAME)";
			};
			name = Debug;
		};
		DC48B70F1A709B3200C4DB89 /* Release */ = {
			isa = XCBuildConfiguration;
			buildSettings = {
				ASSETCATALOG_COMPILER_APPICON_NAME = AppIcon;
				CODE_SIGN_IDENTITY = "iPhone Developer";
				EMBEDDED_CONTENT_CONTAINS_SWIFT = YES;
				INFOPLIST_FILE = BlogReader/Info.plist;
				LD_RUNPATH_SEARCH_PATHS = "$(inherited) @executable_path/Frameworks";
				LIBRARY_SEARCH_PATHS = (
					"$(inherited)",
					"$(PROJECT_DIR)/Pods/build/Debug-iphoneos",
				);
				PRODUCT_NAME = "$(TARGET_NAME)";
			};
			name = Release;
		};
		DC48B7111A709B3200C4DB89 /* Debug */ = {
			isa = XCBuildConfiguration;
			buildSettings = {
				BUNDLE_LOADER = "$(TEST_HOST)";
				FRAMEWORK_SEARCH_PATHS = (
					"$(SDKROOT)/Developer/Library/Frameworks",
					"$(inherited)",
				);
				GCC_PREPROCESSOR_DEFINITIONS = (
					"DEBUG=1",
					"$(inherited)",
				);
				INFOPLIST_FILE = BlogReaderTests/Info.plist;
				LD_RUNPATH_SEARCH_PATHS = "$(inherited) @executable_path/Frameworks @loader_path/Frameworks";
				PRODUCT_NAME = "$(TARGET_NAME)";
				TEST_HOST = "$(BUILT_PRODUCTS_DIR)/BlogReader.app/BlogReader";
			};
			name = Debug;
		};
		DC48B7121A709B3200C4DB89 /* Release */ = {
			isa = XCBuildConfiguration;
			buildSettings = {
				BUNDLE_LOADER = "$(TEST_HOST)";
				FRAMEWORK_SEARCH_PATHS = (
					"$(SDKROOT)/Developer/Library/Frameworks",
					"$(inherited)",
				);
				INFOPLIST_FILE = BlogReaderTests/Info.plist;
				LD_RUNPATH_SEARCH_PATHS = "$(inherited) @executable_path/Frameworks @loader_path/Frameworks";
				PRODUCT_NAME = "$(TARGET_NAME)";
				TEST_HOST = "$(BUILT_PRODUCTS_DIR)/BlogReader.app/BlogReader";
			};
			name = Release;
		};
/* End XCBuildConfiguration section */

/* Begin XCConfigurationList section */
		DC48B6E41A709B3100C4DB89 /* Build configuration list for PBXProject "BlogReader" */ = {
			isa = XCConfigurationList;
			buildConfigurations = (
				DC48B70B1A709B3200C4DB89 /* Debug */,
				DC48B70C1A709B3200C4DB89 /* Release */,
			);
			defaultConfigurationIsVisible = 0;
			defaultConfigurationName = Release;
		};
		DC48B70D1A709B3200C4DB89 /* Build configuration list for PBXNativeTarget "BlogReader" */ = {
			isa = XCConfigurationList;
			buildConfigurations = (
				DC48B70E1A709B3200C4DB89 /* Debug */,
				DC48B70F1A709B3200C4DB89 /* Release */,
			);
			defaultConfigurationIsVisible = 0;
			defaultConfigurationName = Release;
		};
		DC48B7101A709B3200C4DB89 /* Build configuration list for PBXNativeTarget "BlogReaderTests" */ = {
			isa = XCConfigurationList;
			buildConfigurations = (
				DC48B7111A709B3200C4DB89 /* Debug */,
				DC48B7121A709B3200C4DB89 /* Release */,
			);
			defaultConfigurationIsVisible = 0;
			defaultConfigurationName = Release;
		};
/* End XCConfigurationList section */

/* Begin XCVersionGroup section */
		DC48B6F01A709B3100C4DB89 /* BlogReader.xcdatamodeld */ = {
			isa = XCVersionGroup;
			children = (
				DC48B6F11A709B3100C4DB89 /* BlogReader.xcdatamodel */,
			);
			currentVersion = DC48B6F11A709B3100C4DB89 /* BlogReader.xcdatamodel */;
			path = BlogReader.xcdatamodeld;
			sourceTree = "<group>";
			versionGroupType = wrapper.xcdatamodel;
		};
/* End XCVersionGroup section */
	};
	rootObject = DC48B6E11A709B3100C4DB89 /* Project object */;
}
